
Microsoft Visual Studio Solution File, Format Version 12.00
# Visual Studio Version 17
VisualStudioVersion = 17.8.34330.188
MinimumVisualStudioVersion = 10.0.40219.1
Project("{9A19103F-16F7-4668-BE54-9A1E7A4F7556}") = "BlazorSSRBlogTutorial", "BlazorSSRBlogTutorial\BlazorSSRBlogTutorial.csproj", "{C008C996-C6BE-41AF-AC86-BEBDBBE9F852}"
EndProject
Global
	GlobalSection(SolutionConfigurationPlatforms) = preSolution
		Debug|Any CPU = Debug|Any CPU
		Release|Any CPU = Release|Any CPU
	EndGlobalSection
	GlobalSection(ProjectConfigurationPlatforms) = postSolution
		{C008C996-C6BE-41AF-AC86-BEBDBBE9F852}.Debug|Any CPU.ActiveCfg = Debug|Any CPU
		{C008C996-C6BE-41AF-AC86-BEBDBBE9F852}.Debug|Any CPU.Build.0 = Debug|Any CPU
		{C008C996-C6BE-41AF-AC86-BEBDBBE9F852}.Release|Any CPU.ActiveCfg = Release|Any CPU
		{C008C996-C6BE-41AF-AC86-BEBDBBE9F852}.Release|Any CPU.Build.0 = Release|Any CPU
	EndGlobalSection
	GlobalSection(SolutionProperties) = preSolution
		HideSolutionNode = FALSE
	EndGlobalSection
	GlobalSection(ExtensibilityGlobals) = postSolution
		SolutionGuid = {FDE2C782-FCBC-469B-8C2A-F7C2BB1E2752}
	EndGlobalSection
EndGlobal
